
Microsoft Visual Studio Solution File, Format Version 12.00
# Visual Studio 2013
VisualStudioVersion = 12.0.30501.0
MinimumVisualStudioVersion = 10.0.40219.1
Project("{8BC9CEB8-8B4A-11D0-8D11-00A0C91BC942}") = "image", "image.vcxproj", "{CFFF7C6E-3815-4779-8C8E-3B1739ED013C}"
EndProject
Global
	GlobalSection(SolutionConfigurationPlatforms) = preSolution
		Debug|Win32 = Debug|Win32
		Release|Win32 = Release|Win32
	EndGlobalSection
	GlobalSection(ProjectConfigurationPlatforms) = postSolution
		{CFFF7C6E-3815-4779-8C8E-3B1739ED013C}.Debug|Win32.ActiveCfg = Debug|Win32
		{CFFF7C6E-3815-4779-8C8E-3B1739ED013C}.Debug|Win32.Build.0 = Debug|Win32
		{CFFF7C6E-3815-4779-8C8E-3B1739ED013C}.Release|Win32.ActiveCfg = Release|Win32
		{CFFF7C6E-3815-4779-8C8E-3B1739ED013C}.Release|Win32.Build.0 = Release|Win32
	EndGlobalSection
	GlobalSection(SolutionProperties) = preSolution
		HideSolutionNode = FALSE
	EndGlobalSection
EndGlobal
